
Microsoft Visual Studio Solution File, Format Version 12.00
# Visual Studio Version 16
VisualStudioVersion = 16.0.28803.156
MinimumVisualStudioVersion = 10.0.40219.1
Project("{FAE04EC0-301F-11D3-BF4B-00C04F79EFBC}") = "AgencyManager", "AgencyManager\AgencyManager.csproj", "{F205221A-CBA7-470E-BBE9-1A04EE70D144}"
EndProject
Project("{FAE04EC0-301F-11D3-BF4B-00C04F79EFBC}") = "DataFactory", "DataFactory\DataFactory.csproj", "{E9356CD2-453A-45AC-AC72-DF7EB8A8576E}"
EndProject
Global
	GlobalSection(SolutionConfigurationPlatforms) = preSolution
		Debug|Any CPU = Debug|Any CPU
		Release|Any CPU = Release|Any CPU
	EndGlobalSection
	GlobalSection(ProjectConfigurationPlatforms) = postSolution
		{F205221A-CBA7-470E-BBE9-1A04EE70D144}.Debug|Any CPU.ActiveCfg = Debug|Any CPU
		{F205221A-CBA7-470E-BBE9-1A04EE70D144}.Debug|Any CPU.Build.0 = Debug|Any CPU
		{F205221A-CBA7-470E-BBE9-1A04EE70D144}.Release|Any CPU.ActiveCfg = Release|Any CPU
		{F205221A-CBA7-470E-BBE9-1A04EE70D144}.Release|Any CPU.Build.0 = Release|Any CPU
		{E9356CD2-453A-45AC-AC72-DF7EB8A8576E}.Debug|Any CPU.ActiveCfg = Debug|Any CPU
		{E9356CD2-453A-45AC-AC72-DF7EB8A8576E}.Debug|Any CPU.Build.0 = Debug|Any CPU
		{E9356CD2-453A-45AC-AC72-DF7EB8A8576E}.Release|Any CPU.ActiveCfg = Release|Any CPU
		{E9356CD2-453A-45AC-AC72-DF7EB8A8576E}.Release|Any CPU.Build.0 = Release|Any CPU
	EndGlobalSection
	GlobalSection(SolutionProperties) = preSolution
		HideSolutionNode = FALSE
	EndGlobalSection
	GlobalSection(ExtensibilityGlobals) = postSolution
		SolutionGuid = {853FC522-CAAB-4B2D-8A0A-7F2E89F39ACC}
	EndGlobalSection
EndGlobal
